[{<<"clj">>,
  {git,"git://github.com/lfex/clj.git",
       {ref,"1572711b8541ef02e890a08ed28e5bf291918bce"}},
  2},
 {<<"color">>,
  {git,"git://github.com/julianduque/erlang-color.git",
       {ref,"e60f6302f795220f5f0bee86391ffee5274edec0"}},
  2},
 {<<"goldrush">>,
  {git,"git://github.com/DeadZen/goldrush.git",
       {ref,"64864ba7fcf40988361340e48680b49a2c2938cf"}},
  2},
 {<<"kla">>,
  {git,"git://github.com/lfex/kla.git",
       {ref,"7929abef932550bf7b9ed886ba37f753f19eef58"}},
  3},
 {<<"lager">>,
  {git,"git://github.com/basho/lager.git",
       {ref,"cbf6679c6a693772fd1629c9cdc093e4c6c4ebf8"}},
  1},
 {<<"lcfg">>,
  {git,"git://github.com/lfex/lcfg.git",
       {ref,"0ccc882fa78ea0248e39295f0231bd175f7fc80a"}},
  1},
 {<<"lfe">>,
  {git,"git://github.com/rvirding/lfe.git",
       {ref,"a6c9922f31f59686bb48db1b8d5b75e74e79757a"}},
  0},
 {<<"logjam">>,
  {git,"git://github.com/lfex/logjam.git",
       {ref,"fd49642893b6396d9e7ad5d2eb81da849706073d"}},
  0},
 {<<"ltest">>,
  {git,"git://github.com/lfex/ltest.git",
       {ref,"4d1a697941126f0e1b5a39e684a53e923e0b4ec6"}},
  1},
 {<<"lutil">>,
  {git,"https://github.com/lfex/lutil.git",
       {ref,"025adadeac61733b545f47e9864d3d534bda5118"}},
  1}].
